PODS:
  - Alamofire (4.6.0)
  - IQKeyboardManagerSwift (5.0.6)
  - Kingfisher (4.6.1)
  - LGButton (1.0.5)
  - RxCocoa (4.0.0):
    - RxSwift (~> 4.0)
  - RxSwift (4.0.0)

DEPENDENCIES:
  - Alamofire (~> 4.5)
  - IQKeyboardManagerSwift
  - Kingfisher (~> 4.0)
  - LGButton
  - RxCocoa (~> 4.0)
  - RxSwift (~> 4.0)

SPEC CHECKSUMS:
  Alamofire: f41a599bd63041760b26d393ec1069d9d7b917f4
  IQKeyboardManagerSwift: 02bfbb0dff71c66d0ab77d80d25dfce0c3717735
  Kingfisher: 1f9157d9c02b380cbd0b7cc890161195164eb634
  LGButton: 707ce916eb80b73a6c4688df34bee11adbafb663
  RxCocoa: d62846ca96495d862fa4c59ea7d87e5031d7340e
  RxSwift: fd680d75283beb5e2559486f3c0ff852f0d35334

PODFILE CHECKSUM: 79691e6e52bc0edc12b07d86cd2df48aee13153f

COCOAPODS: 1.3.1
